
Microsoft Visual Studio Solution File, Format Version 12.00
# Visual Studio Version 17
VisualStudioVersion = 17.13.35931.197 d17.13
MinimumVisualStudioVersion = 10.0.40219.1
Project("{FAE04EC0-301F-11D3-BF4B-00C04F79EFBC}") = "WebAppj1", "WebAppj1\WebAppj1.csproj", "{F693D5FC-DEF6-4872-A328-ADC0907714B2}"
EndProject
Global
	GlobalSection(SolutionConfigurationPlatforms) = preSolution
		Debug|Any CPU = Debug|Any CPU
		Release|Any CPU = Release|Any CPU
	EndGlobalSection
	GlobalSection(ProjectConfigurationPlatforms) = postSolution
		{F693D5FC-DEF6-4872-A328-ADC0907714B2}.Debug|Any CPU.ActiveCfg = Debug|Any CPU
		{F693D5FC-DEF6-4872-A328-ADC0907714B2}.Debug|Any CPU.Build.0 = Debug|Any CPU
		{F693D5FC-DEF6-4872-A328-ADC0907714B2}.Release|Any CPU.ActiveCfg = Release|Any CPU
		{F693D5FC-DEF6-4872-A328-ADC0907714B2}.Release|Any CPU.Build.0 = Release|Any CPU
	EndGlobalSection
	GlobalSection(SolutionProperties) = preSolution
		HideSolutionNode = FALSE
	EndGlobalSection
	GlobalSection(ExtensibilityGlobals) = postSolution
		SolutionGuid = {86881FD6-3F32-430E-9848-6D416EB656C9}
	EndGlobalSection
EndGlobal
